
Microsoft Visual Studio Solution File, Format Version 12.00
# Visual Studio Version 17
VisualStudioVersion = 17.4.33213.308
MinimumVisualStudioVersion = 10.0.40219.1
Project("{8BC9CEB8-8B4A-11D0-8D11-00A0C91BC942}") = "Rational", "Rational\Rational.vcxproj", "{CE095BB1-C077-448F-B437-AFBD5DE544F5}"
EndProject
Project("{8BC9CEB8-8B4A-11D0-8D11-00A0C91BC942}") = "RationalSet", "RationalSet\RationalSet.vcxproj", "{CF18A45E-C057-4C1C-8403-E0EDF7C6866C}"
	ProjectSection(ProjectDependencies) = postProject
		{CE095BB1-C077-448F-B437-AFBD5DE544F5} = {CE095BB1-C077-448F-B437-AFBD5DE544F5}
	EndProjectSection
EndProject
Project("{2150E333-8FDC-42A3-9474-1A3956D46DE8}") = "Solution Items", "Solution Items", "{1E21A0F4-33ED-4E25-B72C-43352053781D}"
	ProjectSection(SolutionItems) = preProject
		README.md = README.md
	EndProjectSection
EndProject
Project("{8BC9CEB8-8B4A-11D0-8D11-00A0C91BC942}") = "RationalUnitTests", "RationalUnitTests\RationalUnitTests.vcxproj", "{F2183B8C-C6C4-436E-9236-387FDD87AF66}"
	ProjectSection(ProjectDependencies) = postProject
		{CE095BB1-C077-448F-B437-AFBD5DE544F5} = {CE095BB1-C077-448F-B437-AFBD5DE544F5}
	EndProjectSection
EndProject
Global
	GlobalSection(SolutionConfigurationPlatforms) = preSolution
		Debug|x64 = Debug|x64
		Debug|x86 = Debug|x86
		Release|x64 = Release|x64
		Release|x86 = Release|x86
	EndGlobalSection
	GlobalSection(ProjectConfigurationPlatforms) = postSolution
		{CE095BB1-C077-448F-B437-AFBD5DE544F5}.Debug|x64.ActiveCfg = Debug|x64
		{CE095BB1-C077-448F-B437-AFBD5DE544F5}.Debug|x64.Build.0 = Debug|x64
		{CE095BB1-C077-448F-B437-AFBD5DE544F5}.Debug|x86.ActiveCfg = Debug|Win32
		{CE095BB1-C077-448F-B437-AFBD5DE544F5}.Debug|x86.Build.0 = Debug|Win32
		{CE095BB1-C077-448F-B437-AFBD5DE544F5}.Release|x64.ActiveCfg = Release|x64
		{CE095BB1-C077-448F-B437-AFBD5DE544F5}.Release|x64.Build.0 = Release|x64
		{CE095BB1-C077-448F-B437-AFBD5DE544F5}.Release|x86.ActiveCfg = Release|Win32
		{CE095BB1-C077-448F-B437-AFBD5DE544F5}.Release|x86.Build.0 = Release|Win32
		{CF18A45E-C057-4C1C-8403-E0EDF7C6866C}.Debug|x64.ActiveCfg = Debug|x64
		{CF18A45E-C057-4C1C-8403-E0EDF7C6866C}.Debug|x64.Build.0 = Debug|x64
		{CF18A45E-C057-4C1C-8403-E0EDF7C6866C}.Debug|x86.ActiveCfg = Debug|Win32
		{CF18A45E-C057-4C1C-8403-E0EDF7C6866C}.Debug|x86.Build.0 = Debug|Win32
		{CF18A45E-C057-4C1C-8403-E0EDF7C6866C}.Release|x64.ActiveCfg = Release|x64
		{CF18A45E-C057-4C1C-8403-E0EDF7C6866C}.Release|x64.Build.0 = Release|x64
		{CF18A45E-C057-4C1C-8403-E0EDF7C6866C}.Release|x86.ActiveCfg = Release|Win32
		{CF18A45E-C057-4C1C-8403-E0EDF7C6866C}.Release|x86.Build.0 = Release|Win32
		{F2183B8C-C6C4-436E-9236-387FDD87AF66}.Debug|x64.ActiveCfg = Debug|x64
		{F2183B8C-C6C4-436E-9236-387FDD87AF66}.Debug|x64.Build.0 = Debug|x64
		{F2183B8C-C6C4-436E-9236-387FDD87AF66}.Debug|x86.ActiveCfg = Debug|Win32
		{F2183B8C-C6C4-436E-9236-387FDD87AF66}.Debug|x86.Build.0 = Debug|Win32
		{F2183B8C-C6C4-436E-9236-387FDD87AF66}.Release|x64.ActiveCfg = Release|x64
		{F2183B8C-C6C4-436E-9236-387FDD87AF66}.Release|x64.Build.0 = Release|x64
		{F2183B8C-C6C4-436E-9236-387FDD87AF66}.Release|x86.ActiveCfg = Release|Win32
		{F2183B8C-C6C4-436E-9236-387FDD87AF66}.Release|x86.Build.0 = Release|Win32
	EndGlobalSection
	GlobalSection(SolutionProperties) = preSolution
		HideSolutionNode = FALSE
	EndGlobalSection
	GlobalSection(ExtensibilityGlobals) = postSolution
		SolutionGuid = {82698334-830F-44E1-9B6F-9F485BF77B75}
	EndGlobalSection
EndGlobal
